
Microsoft Visual Studio Solution File, Format Version 12.00
# Visual Studio 15
VisualStudioVersion = 15.0.27130.2036
MinimumVisualStudioVersion = 10.0.40219.1
Project("{9A19103F-16F7-4668-BE54-9A1E7A4F7556}") = "Behaviors", "Library\Behaviors\Behaviors.csproj", "{98DC638E-301A-4F8E-AF88-5C0C240D24DC}"
EndProject
Project("{9A19103F-16F7-4668-BE54-9A1E7A4F7556}") = "Behaviors.Sample", "Sample\Behaviors.Sample\Behaviors.Sample.csproj", "{63211B14-3CEB-4F12-B447-129BD647AADA}"
EndProject
Project("{FAE04EC0-301F-11D3-BF4B-00C04F79EFBC}") = "Behaviors.Sample.iOS", "Sample\iOS\Behaviors.Sample.iOS.csproj", "{058290EB-974F-4ABF-849B-D61EBEB388D7}"
EndProject
Project("{FAE04EC0-301F-11D3-BF4B-00C04F79EFBC}") = "Behaviors.Sample.UWP", "Sample\UWP\Behaviors.Sample.UWP.csproj", "{4D760038-F76B-40FF-88D9-55A06E802342}"
EndProject
Project("{FAE04EC0-301F-11D3-BF4B-00C04F79EFBC}") = "Behaviors.Sample.Droid", "Sample\Droid\Behaviors.Sample.Droid.csproj", "{06D10497-AB57-4353-8D65-2EFF5AE04FB2}"
EndProject
Global
	GlobalSection(SolutionConfigurationPlatforms) = preSolution
		Debug|Any CPU = Debug|Any CPU
		Debug|ARM = Debug|ARM
		Debug|iPhone = Debug|iPhone
		Debug|iPhoneSimulator = Debug|iPhoneSimulator
		Debug|Mixed Platforms = Debug|Mixed Platforms
		Debug|x64 = Debug|x64
		Debug|x86 = Debug|x86
		Release|Any CPU = Release|Any CPU
		Release|ARM = Release|ARM
		Release|iPhone = Release|iPhone
		Release|iPhoneSimulator = Release|iPhoneSimulator
		Release|Mixed Platforms = Release|Mixed Platforms
		Release|x64 = Release|x64
		Release|x86 = Release|x86
	EndGlobalSection
	GlobalSection(ProjectConfigurationPlatforms) = postSolution
		{98DC638E-301A-4F8E-AF88-5C0C240D24DC}.Debug|Any CPU.ActiveCfg = Debug|Any CPU
		{98DC638E-301A-4F8E-AF88-5C0C240D24DC}.Debug|Any CPU.Build.0 = Debug|Any CPU
		{98DC638E-301A-4F8E-AF88-5C0C240D24DC}.Debug|ARM.ActiveCfg = Debug|Any CPU
		{98DC638E-301A-4F8E-AF88-5C0C240D24DC}.Debug|iPhone.ActiveCfg = Debug|Any CPU
		{98DC638E-301A-4F8E-AF88-5C0C240D24DC}.Debug|iPhone.Build.0 = Debug|Any CPU
		{98DC638E-301A-4F8E-AF88-5C0C240D24DC}.Debug|iPhoneSimulator.ActiveCfg = Debug|Any CPU
		{98DC638E-301A-4F8E-AF88-5C0C240D24DC}.Debug|iPhoneSimulator.Build.0 = Debug|Any CPU
		{98DC638E-301A-4F8E-AF88-5C0C240D24DC}.Debug|Mixed Platforms.ActiveCfg = Debug|Any CPU
		{98DC638E-301A-4F8E-AF88-5C0C240D24DC}.Debug|Mixed Platforms.Build.0 = Debug|Any CPU
		{98DC638E-301A-4F8E-AF88-5C0C240D24DC}.Debug|x64.ActiveCfg = Debug|Any CPU
		{98DC638E-301A-4F8E-AF88-5C0C240D24DC}.Debug|x64.Build.0 = Debug|Any CPU
		{98DC638E-301A-4F8E-AF88-5C0C240D24DC}.Debug|x86.ActiveCfg = Debug|Any CPU
		{98DC638E-301A-4F8E-AF88-5C0C240D24DC}.Debug|x86.Build.0 = Debug|Any CPU
		{98DC638E-301A-4F8E-AF88-5C0C240D24DC}.Release|Any CPU.ActiveCfg = Release|Any CPU
		{98DC638E-301A-4F8E-AF88-5C0C240D24DC}.Release|Any CPU.Build.0 = Release|Any CPU
		{98DC638E-301A-4F8E-AF88-5C0C240D24DC}.Release|ARM.ActiveCfg = Release|Any CPU
		{98DC638E-301A-4F8E-AF88-5C0C240D24DC}.Release|iPhone.ActiveCfg = Release|Any CPU
		{98DC638E-301A-4F8E-AF88-5C0C240D24DC}.Release|iPhone.Build.0 = Release|Any CPU
		{98DC638E-301A-4F8E-AF88-5C0C240D24DC}.Release|iPhoneSimulator.ActiveCfg = Release|Any CPU
		{98DC638E-301A-4F8E-AF88-5C0C240D24DC}.Release|iPhoneSimulator.Build.0 = Release|Any CPU
		{98DC638E-301A-4F8E-AF88-5C0C240D24DC}.Release|Mixed Platforms.ActiveCfg = Release|Any CPU
		{98DC638E-301A-4F8E-AF88-5C0C240D24DC}.Release|Mixed Platforms.Build.0 = Release|Any CPU
		{98DC638E-301A-4F8E-AF88-5C0C240D24DC}.Release|x64.ActiveCfg = Release|Any CPU
		{98DC638E-301A-4F8E-AF88-5C0C240D24DC}.Release|x64.Build.0 = Release|Any CPU
		{98DC638E-301A-4F8E-AF88-5C0C240D24DC}.Release|x86.ActiveCfg = Release|Any CPU
		{63211B14-3CEB-4F12-B447-129BD647AADA}.Debug|Any CPU.ActiveCfg = Debug|Any CPU
		{63211B14-3CEB-4F12-B447-129BD647AADA}.Debug|Any CPU.Build.0 = Debug|Any CPU
		{63211B14-3CEB-4F12-B447-129BD647AADA}.Debug|ARM.ActiveCfg = Debug|Any CPU
		{63211B14-3CEB-4F12-B447-129BD647AADA}.Debug|iPhone.ActiveCfg = Debug|Any CPU
		{63211B14-3CEB-4F12-B447-129BD647AADA}.Debug|iPhone.Build.0 = Debug|Any CPU
		{63211B14-3CEB-4F12-B447-129BD647AADA}.Debug|iPhoneSimulator.ActiveCfg = Debug|Any CPU
		{63211B14-3CEB-4F12-B447-129BD647AADA}.Debug|iPhoneSimulator.Build.0 = Debug|Any CPU
		{63211B14-3CEB-4F12-B447-129BD647AADA}.Debug|Mixed Platforms.ActiveCfg = Debug|Any CPU
		{63211B14-3CEB-4F12-B447-129BD647AADA}.Debug|Mixed Platforms.Build.0 = Debug|Any CPU
		{63211B14-3CEB-4F12-B447-129BD647AADA}.Debug|x64.ActiveCfg = Debug|Any CPU
		{63211B14-3CEB-4F12-B447-129BD647AADA}.Debug|x64.Build.0 = Debug|Any CPU
		{63211B14-3CEB-4F12-B447-129BD647AADA}.Debug|x86.ActiveCfg = Debug|Any CPU
		{63211B14-3CEB-4F12-B447-129BD647AADA}.Debug|x86.Build.0 = Debug|Any CPU
		{63211B14-3CEB-4F12-B447-129BD647AADA}.Release|Any CPU.ActiveCfg = Release|Any CPU
		{63211B14-3CEB-4F12-B447-129BD647AADA}.Release|Any CPU.Build.0 = Release|Any CPU
		{63211B14-3CEB-4F12-B447-129BD647AADA}.Release|ARM.ActiveCfg = Release|Any CPU
		{63211B14-3CEB-4F12-B447-129BD647AADA}.Release|iPhone.ActiveCfg = Release|Any CPU
		{63211B14-3CEB-4F12-B447-129BD647AADA}.Release|iPhone.Build.0 = Release|Any CPU
		{63211B14-3CEB-4F12-B447-129BD647AADA}.Release|iPhoneSimulator.ActiveCfg = Release|Any CPU
		{63211B14-3CEB-4F12-B447-129BD647AADA}.Release|iPhoneSimulator.Build.0 = Release|Any CPU
		{63211B14-3CEB-4F12-B447-129BD647AADA}.Release|Mixed Platforms.ActiveCfg = Release|Any CPU
		{63211B14-3CEB-4F12-B447-129BD647AADA}.Release|Mixed Platforms.Build.0 = Release|Any CPU
		{63211B14-3CEB-4F12-B447-129BD647AADA}.Release|x64.ActiveCfg = Release|Any CPU
		{63211B14-3CEB-4F12-B447-129BD647AADA}.Release|x64.Build.0 = Release|Any CPU
		{63211B14-3CEB-4F12-B447-129BD647AADA}.Release|x86.ActiveCfg = Release|Any CPU
		{058290EB-974F-4ABF-849B-D61EBEB388D7}.Debug|Any CPU.ActiveCfg = Debug|iPhoneSimulator
		{058290EB-974F-4ABF-849B-D61EBEB388D7}.Debug|Any CPU.Build.0 = Debug|iPhoneSimulator
		{058290EB-974F-4ABF-849B-D61EBEB388D7}.Debug|ARM.ActiveCfg = Debug|iPhone
		{058290EB-974F-4ABF-849B-D61EBEB388D7}.Debug|iPhone.ActiveCfg = Debug|iPhone
		{058290EB-974F-4ABF-849B-D61EBEB388D7}.Debug|iPhone.Build.0 = Debug|iPhone
		{058290EB-974F-4ABF-849B-D61EBEB388D7}.Debug|iPhoneSimulator.ActiveCfg = Debug|iPhoneSimulator
		{058290EB-974F-4ABF-849B-D61EBEB388D7}.Debug|iPhoneSimulator.Build.0 = Debug|iPhoneSimulator
		{058290EB-974F-4ABF-849B-D61EBEB388D7}.Debug|Mixed Platforms.ActiveCfg = Debug|iPhone
		{058290EB-974F-4ABF-849B-D61EBEB388D7}.Debug|Mixed Platforms.Build.0 = Debug|iPhone
		{058290EB-974F-4ABF-849B-D61EBEB388D7}.Debug|x64.ActiveCfg = Debug|iPhone
		{058290EB-974F-4ABF-849B-D61EBEB388D7}.Debug|x86.ActiveCfg = Debug|iPhone
		{058290EB-974F-4ABF-849B-D61EBEB388D7}.Release|Any CPU.ActiveCfg = Release|iPhone
		{058290EB-974F-4ABF-849B-D61EBEB388D7}.Release|Any CPU.Build.0 = Release|iPhone
		{058290EB-974F-4ABF-849B-D61EBEB388D7}.Release|ARM.ActiveCfg = Release|iPhoneSimulator
		{058290EB-974F-4ABF-849B-D61EBEB388D7}.Release|iPhone.ActiveCfg = Release|iPhone
		{058290EB-974F-4ABF-849B-D61EBEB388D7}.Release|iPhone.Build.0 = Release|iPhone
		{058290EB-974F-4ABF-849B-D61EBEB388D7}.Release|iPhoneSimulator.ActiveCfg = Release|iPhoneSimulator
		{058290EB-974F-4ABF-849B-D61EBEB388D7}.Release|iPhoneSimulator.Build.0 = Release|iPhoneSimulator
		{058290EB-974F-4ABF-849B-D61EBEB388D7}.Release|Mixed Platforms.ActiveCfg = Release|iPhoneSimulator
		{058290EB-974F-4ABF-849B-D61EBEB388D7}.Release|Mixed Platforms.Build.0 = Release|iPhoneSimulator
		{058290EB-974F-4ABF-849B-D61EBEB388D7}.Release|x64.ActiveCfg = Release|iPhoneSimulator
		{058290EB-974F-4ABF-849B-D61EBEB388D7}.Release|x86.ActiveCfg = Release|iPhoneSimulator
		{4D760038-F76B-40FF-88D9-55A06E802342}.Debug|Any CPU.ActiveCfg = Debug|x86
		{4D760038-F76B-40FF-88D9-55A06E802342}.Debug|ARM.ActiveCfg = Debug|ARM
		{4D760038-F76B-40FF-88D9-55A06E802342}.Debug|ARM.Build.0 = Debug|ARM
		{4D760038-F76B-40FF-88D9-55A06E802342}.Debug|ARM.Deploy.0 = Debug|ARM
		{4D760038-F76B-40FF-88D9-55A06E802342}.Debug|iPhone.ActiveCfg = Debug|x86
		{4D760038-F76B-40FF-88D9-55A06E802342}.Debug|iPhoneSimulator.ActiveCfg = Debug|x86
		{4D760038-F76B-40FF-88D9-55A06E802342}.Debug|Mixed Platforms.ActiveCfg = Debug|x86
		{4D760038-F76B-40FF-88D9-55A06E802342}.Debug|Mixed Platforms.Build.0 = Debug|x86
		{4D760038-F76B-40FF-88D9-55A06E802342}.Debug|Mixed Platforms.Deploy.0 = Debug|x86
		{4D760038-F76B-40FF-88D9-55A06E802342}.Debug|x64.ActiveCfg = Debug|x64
		{4D760038-F76B-40FF-88D9-55A06E802342}.Debug|x64.Build.0 = Debug|x64
		{4D760038-F76B-40FF-88D9-55A06E802342}.Debug|x64.Deploy.0 = Debug|x64
		{4D760038-F76B-40FF-88D9-55A06E802342}.Debug|x86.ActiveCfg = Debug|x86
		{4D760038-F76B-40FF-88D9-55A06E802342}.Debug|x86.Build.0 = Debug|x86
		{4D760038-F76B-40FF-88D9-55A06E802342}.Debug|x86.Deploy.0 = Debug|x86
		{4D760038-F76B-40FF-88D9-55A06E802342}.Release|Any CPU.ActiveCfg = Release|x86
		{4D760038-F76B-40FF-88D9-55A06E802342}.Release|ARM.ActiveCfg = Release|ARM
		{4D760038-F76B-40FF-88D9-55A06E802342}.Release|ARM.Build.0 = Release|ARM
		{4D760038-F76B-40FF-88D9-55A06E802342}.Release|ARM.Deploy.0 = Release|ARM
		{4D760038-F76B-40FF-88D9-55A06E802342}.Release|iPhone.ActiveCfg = Release|x86
		{4D760038-F76B-40FF-88D9-55A06E802342}.Release|iPhoneSimulator.ActiveCfg = Release|x86
		{4D760038-F76B-40FF-88D9-55A06E802342}.Release|Mixed Platforms.ActiveCfg = Release|x86
		{4D760038-F76B-40FF-88D9-55A06E802342}.Release|Mixed Platforms.Build.0 = Release|x86
		{4D760038-F76B-40FF-88D9-55A06E802342}.Release|Mixed Platforms.Deploy.0 = Release|x86
		{4D760038-F76B-40FF-88D9-55A06E802342}.Release|x64.ActiveCfg = Release|x64
		{4D760038-F76B-40FF-88D9-55A06E802342}.Release|x64.Build.0 = Release|x64
		{4D760038-F76B-40FF-88D9-55A06E802342}.Release|x64.Deploy.0 = Release|x64
		{4D760038-F76B-40FF-88D9-55A06E802342}.Release|x86.ActiveCfg = Release|x86
		{4D760038-F76B-40FF-88D9-55A06E802342}.Release|x86.Build.0 = Release|x86
		{4D760038-F76B-40FF-88D9-55A06E802342}.Release|x86.Deploy.0 = Release|x86
		{06D10497-AB57-4353-8D65-2EFF5AE04FB2}.Debug|Any CPU.ActiveCfg = Debug|Any CPU
		{06D10497-AB57-4353-8D65-2EFF5AE04FB2}.Debug|Any CPU.Build.0 = Debug|Any CPU
		{06D10497-AB57-4353-8D65-2EFF5AE04FB2}.Debug|ARM.ActiveCfg = Debug|Any CPU
		{06D10497-AB57-4353-8D65-2EFF5AE04FB2}.Debug|iPhone.ActiveCfg = Debug|Any CPU
		{06D10497-AB57-4353-8D65-2EFF5AE04FB2}.Debug|iPhone.Build.0 = Debug|Any CPU
		{06D10497-AB57-4353-8D65-2EFF5AE04FB2}.Debug|iPhoneSimulator.ActiveCfg = Debug|Any CPU
		{06D10497-AB57-4353-8D65-2EFF5AE04FB2}.Debug|iPhoneSimulator.Build.0 = Debug|Any CPU
		{06D10497-AB57-4353-8D65-2EFF5AE04FB2}.Debug|Mixed Platforms.ActiveCfg = Debug|Any CPU
		{06D10497-AB57-4353-8D65-2EFF5AE04FB2}.Debug|Mixed Platforms.Build.0 = Debug|Any CPU
		{06D10497-AB57-4353-8D65-2EFF5AE04FB2}.Debug|Mixed Platforms.Deploy.0 = Debug|Any CPU
		{06D10497-AB57-4353-8D65-2EFF5AE04FB2}.Debug|x64.ActiveCfg = Debug|Any CPU
		{06D10497-AB57-4353-8D65-2EFF5AE04FB2}.Debug|x64.Build.0 = Debug|Any CPU
		{06D10497-AB57-4353-8D65-2EFF5AE04FB2}.Debug|x64.Deploy.0 = Debug|Any CPU
		{06D10497-AB57-4353-8D65-2EFF5AE04FB2}.Debug|x86.ActiveCfg = Debug|Any CPU
		{06D10497-AB57-4353-8D65-2EFF5AE04FB2}.Release|Any CPU.ActiveCfg = Release|Any CPU
		{06D10497-AB57-4353-8D65-2EFF5AE04FB2}.Release|Any CPU.Build.0 = Release|Any CPU
		{06D10497-AB57-4353-8D65-2EFF5AE04FB2}.Release|ARM.ActiveCfg = Release|Any CPU
		{06D10497-AB57-4353-8D65-2EFF5AE04FB2}.Release|iPhone.ActiveCfg = Release|Any CPU
		{06D10497-AB57-4353-8D65-2EFF5AE04FB2}.Release|iPhone.Build.0 = Release|Any CPU
		{06D10497-AB57-4353-8D65-2EFF5AE04FB2}.Release|iPhoneSimulator.ActiveCfg = Release|Any CPU
		{06D10497-AB57-4353-8D65-2EFF5AE04FB2}.Release|iPhoneSimulator.Build.0 = Release|Any CPU
		{06D10497-AB57-4353-8D65-2EFF5AE04FB2}.Release|Mixed Platforms.ActiveCfg = Release|Any CPU
		{06D10497-AB57-4353-8D65-2EFF5AE04FB2}.Release|Mixed Platforms.Build.0 = Release|Any CPU
		{06D10497-AB57-4353-8D65-2EFF5AE04FB2}.Release|Mixed Platforms.Deploy.0 = Release|Any CPU
		{06D10497-AB57-4353-8D65-2EFF5AE04FB2}.Release|x64.ActiveCfg = Release|Any CPU
		{06D10497-AB57-4353-8D65-2EFF5AE04FB2}.Release|x64.Build.0 = Release|Any CPU
		{06D10497-AB57-4353-8D65-2EFF5AE04FB2}.Release|x64.Deploy.0 = Release|Any CPU
		{06D10497-AB57-4353-8D65-2EFF5AE04FB2}.Release|x86.ActiveCfg = Release|Any CPU
	EndGlobalSection
	GlobalSection(SolutionProperties) = preSolution
		HideSolutionNode = FALSE
	EndGlobalSection
	GlobalSection(ExtensibilityGlobals) = postSolution
		SolutionGuid = {FD479C9F-357D-47BC-A933-57E420F8EBD7}
	EndGlobalSection
EndGlobal
